// !$*UTF8*$!
{
	archiveVersion = 1;
	classes = {
	};
	objectVersion = 56;
	objects = {

/* Begin PBXBuildFile section */
		318455B01E8216F990EDE3D4 /* Pods_AIImageGenerator.framework in Frameworks */ = {isa = PBXBuildFile; fileRef = D776F168D0C9090202FB0E88 /* Pods_AIImageGenerator.framework */; };
		6433EBFD2B7B61110008224F /* AppDelegate.swift in Sources */ = {isa = PBXBuildFile; fileRef = 6433EBFC2B7B61110008224F /* AppDelegate.swift */; };
		6433EBFF2B7B61110008224F /* SceneDelegate.swift in Sources */ = {isa = PBXBuildFile; fileRef = 6433EBFE2B7B61110008224F /* SceneDelegate.swift */; };
		6433EC012B7B61110008224F /* CreateImageController.swift in Sources */ = {isa = PBXBuildFile; fileRef = 6433EC002B7B61110008224F /* CreateImageController.swift */; };
		6433EC062B7B61130008224F /* Assets.xcassets in Resources */ = {isa = PBXBuildFile; fileRef = 6433EC052B7B61130008224F /* Assets.xcassets */; };
		6433EC092B7B61130008224F /* LaunchScreen.storyboard in Resources */ = {isa = PBXBuildFile; fileRef = 6433EC072B7B61130008224F /* LaunchScreen.storyboard */; };
		6433EC192B7B61D60008224F /* Fonts.swift in Sources */ = {isa = PBXBuildFile; fileRef = 6433EC182B7B61D60008224F /* Fonts.swift */; };
		6433EC1B2B7B62010008224F /* UIView+AddSubview.swift in Sources */ = {isa = PBXBuildFile; fileRef = 6433EC1A2B7B62010008224F /* UIView+AddSubview.swift */; };
		6433EC1D2B7B622F0008224F /* Colors.swift in Sources */ = {isa = PBXBuildFile; fileRef = 6433EC1C2B7B622F0008224F /* Colors.swift */; };
		6433EC1F2B7B623F0008224F /* Constants.swift in Sources */ = {isa = PBXBuildFile; fileRef = 6433EC1E2B7B623F0008224F /* Constants.swift */; };
		6433EC282B7B634A0008224F /* SFPRODISPLAYBOLD.OTF in Resources */ = {isa = PBXBuildFile; fileRef = 6433EC222B7B634A0008224F /* SFPRODISPLAYBOLD.OTF */; };
		6433EC292B7B634A0008224F /* SFPRODISPLAYBLACKITALIC.OTF in Resources */ = {isa = PBXBuildFile; fileRef = 6433EC232B7B634A0008224F /* SFPRODISPLAYBLACKITALIC.OTF */; };
		6433EC2A2B7B634A0008224F /* SFPRODISPLAYSEMIBOLDITALIC.OTF in Resources */ = {isa = PBXBuildFile; fileRef = 6433EC242B7B634A0008224F /* SFPRODISPLAYSEMIBOLDITALIC.OTF */; };
		6433EC2C2B7B634A0008224F /* SFPRODISPLAYREGULAR.OTF in Resources */ = {isa = PBXBuildFile; fileRef = 6433EC262B7B634A0008224F /* SFPRODISPLAYREGULAR.OTF */; };
		6433EC2D2B7B634A0008224F /* SFPRODISPLAYMEDIUM.OTF in Resources */ = {isa = PBXBuildFile; fileRef = 6433EC272B7B634A0008224F /* SFPRODISPLAYMEDIUM.OTF */; };
		6433EC2F2B7C88120008224F /* UIView+Gradient.swift in Sources */ = {isa = PBXBuildFile; fileRef = 6433EC2E2B7C88120008224F /* UIView+Gradient.swift */; };
		64B2A0892B7CEE4600054AF5 /* NetworkAPI.swift in Sources */ = {isa = PBXBuildFile; fileRef = 64B2A0882B7CEE4600054AF5 /* NetworkAPI.swift */; };
		64B2A08B2B7CF34900054AF5 /* ModelImages.swift in Sources */ = {isa = PBXBuildFile; fileRef = 64B2A08A2B7CF34900054AF5 /* ModelImages.swift */; };
		64B2A08D2B7D05B700054AF5 /* UIViewController+Keyboard.swift in Sources */ = {isa = PBXBuildFile; fileRef = 64B2A08C2B7D05B700054AF5 /* UIViewController+Keyboard.swift */; };
		64B2A0902B7D0CC100054AF5 /* AnimationViewController.swift in Sources */ = {isa = PBXBuildFile; fileRef = 64B2A08F2B7D0CC100054AF5 /* AnimationViewController.swift */; };
		64B2A0922B7D0CF100054AF5 /* plane.json in Resources */ = {isa = PBXBuildFile; fileRef = 64B2A0912B7D0CF100054AF5 /* plane.json */; };
		64B2A0942B7D16E700054AF5 /* ImageResultViewController.swift in Sources */ = {isa = PBXBuildFile; fileRef = 64B2A0932B7D16E700054AF5 /* ImageResultViewController.swift */; };
		64B2A0962B7D1FCE00054AF5 /* UIButton.swift in Sources */ = {isa = PBXBuildFile; fileRef = 64B2A0952B7D1FCE00054AF5 /* UIButton.swift */; };
/* End PBXBuildFile section */

/* Begin PBXFileReference section */
		6433EBF92B7B61110008224F /* AIImageGenerator.app */ = {isa = PBXFileReference; explicitFileType = wrapper.application; includeInIndex = 0; path = AIImageGenerator.app; sourceTree = BUILT_PRODUCTS_DIR; };
		6433EBFC2B7B61110008224F /* AppDelegate.swift */ = {isa = PBXFileReference; lastKnownFileType = sourcecode.swift; path = AppDelegate.swift; sourceTree = "<group>"; };
		6433EBFE2B7B61110008224F /* SceneDelegate.swift */ = {isa = PBXFileReference; lastKnownFileType = sourcecode.swift; path = SceneDelegate.swift; sourceTree = "<group>"; };
		6433EC002B7B61110008224F /* CreateImageController.swift */ = {isa = PBXFileReference; lastKnownFileType = sourcecode.swift; path = CreateImageController.swift; sourceTree = "<group>"; };
		6433EC052B7B61130008224F /* Assets.xcassets */ = {isa = PBXFileReference; lastKnownFileType = folder.assetcatalog; path = Assets.xcassets; sourceTree = "<group>"; };
		6433EC082B7B61130008224F /* Base */ = {isa = PBXFileReference; lastKnownFileType = file.storyboard; name = Base; path = Base.lproj/LaunchScreen.storyboard; sourceTree = "<group>"; };
		6433EC0A2B7B61130008224F /* Info.plist */ = {isa = PBXFileReference; lastKnownFileType = text.plist.xml; path = Info.plist; sourceTree = "<group>"; };
		6433EC182B7B61D60008224F /* Fonts.swift */ = {isa = PBXFileReference; lastKnownFileType = sourcecode.swift; path = Fonts.swift; sourceTree = "<group>"; };
		6433EC1A2B7B62010008224F /* UIView+AddSubview.swift */ = {isa = PBXFileReference; fileEncoding = 4; lastKnownFileType = sourcecode.swift; path = "UIView+AddSubview.swift"; sourceTree = "<group>"; };
		6433EC1C2B7B622F0008224F /* Colors.swift */ = {isa = PBXFileReference; lastKnownFileType = sourcecode.swift; path = Colors.swift; sourceTree = "<group>"; };
		6433EC1E2B7B623F0008224F /* Constants.swift */ = {isa = PBXFileReference; lastKnownFileType = sourcecode.swift; path = Constants.swift; sourceTree = "<group>"; };
		6433EC222B7B634A0008224F /* SFPRODISPLAYBOLD.OTF */ = {isa = PBXFileReference; lastKnownFileType = file; path = SFPRODISPLAYBOLD.OTF; sourceTree = "<group>"; };
		6433EC232B7B634A0008224F /* SFPRODISPLAYBLACKITALIC.OTF */ = {isa = PBXFileReference; lastKnownFileType = file; path = SFPRODISPLAYBLACKITALIC.OTF; sourceTree = "<group>"; };
		6433EC242B7B634A0008224F /* SFPRODISPLAYSEMIBOLDITALIC.OTF */ = {isa = PBXFileReference; lastKnownFileType = file; path = SFPRODISPLAYSEMIBOLDITALIC.OTF; sourceTree = "<group>"; };
		6433EC262B7B634A0008224F /* SFPRODISPLAYREGULAR.OTF */ = {isa = PBXFileReference; lastKnownFileType = file; path = SFPRODISPLAYREGULAR.OTF; sourceTree = "<group>"; };
		6433EC272B7B634A0008224F /* SFPRODISPLAYMEDIUM.OTF */ = {isa = PBXFileReference; lastKnownFileType = file; path = SFPRODISPLAYMEDIUM.OTF; sourceTree = "<group>"; };
		6433EC2E2B7C88120008224F /* UIView+Gradient.swift */ = {isa = PBXFileReference; lastKnownFileType = sourcecode.swift; path = "UIView+Gradient.swift"; sourceTree = "<group>"; };
		64B2A0882B7CEE4600054AF5 /* NetworkAPI.swift */ = {isa = PBXFileReference; lastKnownFileType = sourcecode.swift; path = NetworkAPI.swift; sourceTree = "<group>"; };
		64B2A08A2B7CF34900054AF5 /* ModelImages.swift */ = {isa = PBXFileReference; lastKnownFileType = sourcecode.swift; path = ModelImages.swift; sourceTree = "<group>"; };
		64B2A08C2B7D05B700054AF5 /* UIViewController+Keyboard.swift */ = {isa = PBXFileReference; lastKnownFileType = sourcecode.swift; path = "UIViewController+Keyboard.swift"; sourceTree = "<group>"; };
		64B2A08F2B7D0CC100054AF5 /* AnimationViewController.swift */ = {isa = PBXFileReference; lastKnownFileType = sourcecode.swift; path = AnimationViewController.swift; sourceTree = "<group>"; };
		64B2A0912B7D0CF100054AF5 /* plane.json */ = {isa = PBXFileReference; fileEncoding = 4; lastKnownFileType = text.json; path = plane.json; sourceTree = "<group>"; };
		64B2A0932B7D16E700054AF5 /* ImageResultViewController.swift */ = {isa = PBXFileReference; lastKnownFileType = sourcecode.swift; path = ImageResultViewController.swift; sourceTree = "<group>"; };
		64B2A0952B7D1FCE00054AF5 /* UIButton.swift */ = {isa = PBXFileReference; lastKnownFileType = sourcecode.swift; path = UIButton.swift; sourceTree = "<group>"; };
		65BA9F5121B1E0B64F445F8E /* Pods-AIImageGenerator.debug.xcconfig */ = {isa = PBXFileReference; includeInIndex = 1; lastKnownFileType = text.xcconfig; name = "Pods-AIImageGenerator.debug.xcconfig"; path = "Target Support Files/Pods-AIImageGenerator/Pods-AIImageGenerator.debug.xcconfig"; sourceTree = "<group>"; };
		D7565A00C974B33BEA749E69 /* Pods-AIImageGenerator.release.xcconfig */ = {isa = PBXFileReference; includeInIndex = 1; lastKnownFileType = text.xcconfig; name = "Pods-AIImageGenerator.release.xcconfig"; path = "Target Support Files/Pods-AIImageGenerator/Pods-AIImageGenerator.release.xcconfig"; sourceTree = "<group>"; };
		D776F168D0C9090202FB0E88 /* Pods_AIImageGenerator.framework */ = {isa = PBXFileReference; explicitFileType = wrapper.framework; includeInIndex = 0; path = Pods_AIImageGenerator.framework; sourceTree = BUILT_PRODUCTS_DIR; };
/* End PBXFileReference section */

/* Begin PBXFrameworksBuildPhase section */
		6433EBF62B7B61110008224F /* Frameworks */ = {
			isa = PBXFrameworksBuildPhase;
			buildActionMask = 2147483647;
			files = (
				318455B01E8216F990EDE3D4 /* Pods_AIImageGenerator.framework in Frameworks */,
			);
			runOnlyForDeploymentPostprocessing = 0;
		};
/* End PBXFrameworksBuildPhase section */

/* Begin PBXGroup section */
		0C0077A65B013F9F478FFE5B /* Frameworks */ = {
			isa = PBXGroup;
			children = (
				D776F168D0C9090202FB0E88 /* Pods_AIImageGenerator.framework */,
			);
			name = Frameworks;
			sourceTree = "<group>";
		};
		5E75373673345ABBDA4596B0 /* Pods */ = {
			isa = PBXGroup;
			children = (
				65BA9F5121B1E0B64F445F8E /* Pods-AIImageGenerator.debug.xcconfig */,
				D7565A00C974B33BEA749E69 /* Pods-AIImageGenerator.release.xcconfig */,
			);
			path = Pods;
			sourceTree = "<group>";
		};
		6433EBF02B7B61110008224F = {
			isa = PBXGroup;
			children = (
				6433EBFB2B7B61110008224F /* AIImageGenerator */,
				6433EBFA2B7B61110008224F /* Products */,
				5E75373673345ABBDA4596B0 /* Pods */,
				0C0077A65B013F9F478FFE5B /* Frameworks */,
			);
			sourceTree = "<group>";
		};
		6433EBFA2B7B61110008224F /* Products */ = {
			isa = PBXGroup;
			children = (
				6433EBF92B7B61110008224F /* AIImageGenerator.app */,
			);
			name = Products;
			sourceTree = "<group>";
		};
		6433EBFB2B7B61110008224F /* AIImageGenerator */ = {
			isa = PBXGroup;
			children = (
				6433EC102B7B615F0008224F /* Resources */,
				6433EC112B7B61710008224F /* Extensions */,
				6433EC172B7B61B20008224F /* Screens */,
				6433EC152B7B61A30008224F /* Network */,
				6433EC162B7B61AC0008224F /* Models */,
				64B2A08E2B7D0CA200054AF5 /* Assests */,
				6433EC0A2B7B61130008224F /* Info.plist */,
			);
			path = AIImageGenerator;
			sourceTree = "<group>";
		};
		6433EC102B7B615F0008224F /* Resources */ = {
			isa = PBXGroup;
			children = (
				6433EBFC2B7B61110008224F /* AppDelegate.swift */,
				6433EBFE2B7B61110008224F /* SceneDelegate.swift */,
			);
			path = Resources;
			sourceTree = "<group>";
		};
		6433EC112B7B61710008224F /* Extensions */ = {
			isa = PBXGroup;
			children = (
				6433EC142B7B61970008224F /* Constants */,
				6433EC132B7B618B0008224F /* UI */,
				6433EC122B7B617B0008224F /* Fonts */,
			);
			path = Extensions;
			sourceTree = "<group>";
		};
		6433EC122B7B617B0008224F /* Fonts */ = {
			isa = PBXGroup;
			children = (
				6433EC182B7B61D60008224F /* Fonts.swift */,
				6433EC232B7B634A0008224F /* SFPRODISPLAYBLACKITALIC.OTF */,
				6433EC222B7B634A0008224F /* SFPRODISPLAYBOLD.OTF */,
				6433EC272B7B634A0008224F /* SFPRODISPLAYMEDIUM.OTF */,
				6433EC262B7B634A0008224F /* SFPRODISPLAYREGULAR.OTF */,
				6433EC242B7B634A0008224F /* SFPRODISPLAYSEMIBOLDITALIC.OTF */,
			);
			path = Fonts;
			sourceTree = "<group>";
		};
		6433EC132B7B618B0008224F /* UI */ = {
			isa = PBXGroup;
			children = (
				6433EC1A2B7B62010008224F /* UIView+AddSubview.swift */,
				64B2A0952B7D1FCE00054AF5 /* UIButton.swift */,
				6433EC2E2B7C88120008224F /* UIView+Gradient.swift */,
				64B2A08C2B7D05B700054AF5 /* UIViewController+Keyboard.swift */,
			);
			path = UI;
			sourceTree = "<group>";
		};
		6433EC142B7B61970008224F /* Constants */ = {
			isa = PBXGroup;
			children = (
				6433EC1C2B7B622F0008224F /* Colors.swift */,
				6433EC1E2B7B623F0008224F /* Constants.swift */,
			);
			path = Constants;
			sourceTree = "<group>";
		};
		6433EC152B7B61A30008224F /* Network */ = {
			isa = PBXGroup;
			children = (
				64B2A0882B7CEE4600054AF5 /* NetworkAPI.swift */,
			);
			path = Network;
			sourceTree = "<group>";
		};
		6433EC162B7B61AC0008224F /* Models */ = {
			isa = PBXGroup;
			children = (
				64B2A08A2B7CF34900054AF5 /* ModelImages.swift */,
			);
			path = Models;
			sourceTree = "<group>";
		};
		6433EC172B7B61B20008224F /* Screens */ = {
			isa = PBXGroup;
			children = (
				6433EC072B7B61130008224F /* LaunchScreen.storyboard */,
				6433EC002B7B61110008224F /* CreateImageController.swift */,
				64B2A08F2B7D0CC100054AF5 /* AnimationViewController.swift */,
				64B2A0932B7D16E700054AF5 /* ImageResultViewController.swift */,
			);
			path = Screens;
			sourceTree = "<group>";
		};
		64B2A08E2B7D0CA200054AF5 /* Assests */ = {
			isa = PBXGroup;
			children = (
				6433EC052B7B61130008224F /* Assets.xcassets */,
				64B2A0912B7D0CF100054AF5 /* plane.json */,
			);
			path = Assests;
			sourceTree = "<group>";
		};
/* End PBXGroup section */

/* Begin PBXNativeTarget section */
		6433EBF82B7B61110008224F /* AIImageGenerator */ = {
			isa = PBXNativeTarget;
			buildConfigurationList = 6433EC0D2B7B61130008224F /* Build configuration list for PBXNativeTarget "AIImageGenerator" */;
			buildPhases = (
				6C64E8B91B8318D14A3B579C /* [CP] Check Pods Manifest.lock */,
				6433EBF52B7B61110008224F /* Sources */,
				6433EBF62B7B61110008224F /* Frameworks */,
				6433EBF72B7B61110008224F /* Resources */,
				19E71FA682ABBF8B1A20D6A9 /* [CP] Embed Pods Frameworks */,
			);
			buildRules = (
			);
			dependencies = (
			);
			name = AIImageGenerator;
			productName = AIImageGenerator;
			productReference = 6433EBF92B7B61110008224F /* AIImageGenerator.app */;
			productType = "com.apple.product-type.application";
		};
/* End PBXNativeTarget section */

/* Begin PBXProject section */
		6433EBF12B7B61110008224F /* Project object */ = {
			isa = PBXProject;
			attributes = {
				BuildIndependentTargetsInParallel = 1;
				LastSwiftUpdateCheck = 1520;
				LastUpgradeCheck = 1520;
				TargetAttributes = {
					6433EBF82B7B61110008224F = {
						CreatedOnToolsVersion = 15.2;
					};
				};
			};
			buildConfigurationList = 6433EBF42B7B61110008224F /* Build configuration list for PBXProject "AIImageGenerator" */;
			compatibilityVersion = "Xcode 14.0";
			developmentRegion = en;
			hasScannedForEncodings = 0;
			knownRegions = (
				en,
				Base,
			);
			mainGroup = 6433EBF02B7B61110008224F;
			productRefGroup = 6433EBFA2B7B61110008224F /* Products */;
			projectDirPath = "";
			projectRoot = "";
			targets = (
				6433EBF82B7B61110008224F /* AIImageGenerator */,
			);
		};
/* End PBXProject section */

/* Begin PBXResourcesBuildPhase section */
		6433EBF72B7B61110008224F /* Resources */ = {
			isa = PBXResourcesBuildPhase;
			buildActionMask = 2147483647;
			files = (
				6433EC092B7B61130008224F /* LaunchScreen.storyboard in Resources */,
				6433EC2A2B7B634A0008224F /* SFPRODISPLAYSEMIBOLDITALIC.OTF in Resources */,
				64B2A0922B7D0CF100054AF5 /* plane.json in Resources */,
				6433EC2C2B7B634A0008224F /* SFPRODISPLAYREGULAR.OTF in Resources */,
				6433EC292B7B634A0008224F /* SFPRODISPLAYBLACKITALIC.OTF in Resources */,
				6433EC282B7B634A0008224F /* SFPRODISPLAYBOLD.OTF in Resources */,
				6433EC2D2B7B634A0008224F /* SFPRODISPLAYMEDIUM.OTF in Resources */,
				6433EC062B7B61130008224F /* Assets.xcassets in Resources */,
			);
			runOnlyForDeploymentPostprocessing = 0;
		};
/* End PBXResourcesBuildPhase section */

/* Begin PBXShellScriptBuildPhase section */
		19E71FA682ABBF8B1A20D6A9 /* [CP] Embed Pods Frameworks */ = {
			isa = PBXShellScriptBuildPhase;
			buildActionMask = 2147483647;
			files = (
			);
			inputFileListPaths = (
				"${PODS_ROOT}/Target Support Files/Pods-AIImageGenerator/Pods-AIImageGenerator-frameworks-${CONFIGURATION}-input-files.xcfilelist",
			);
			name = "[CP] Embed Pods Frameworks";
			outputFileListPaths = (
				"${PODS_ROOT}/Target Support Files/Pods-AIImageGenerator/Pods-AIImageGenerator-frameworks-${CONFIGURATION}-output-files.xcfilelist",
			);
			runOnlyForDeploymentPostprocessing = 0;
			shellPath = /bin/sh;
			shellScript = "\"${PODS_ROOT}/Target Support Files/Pods-AIImageGenerator/Pods-AIImageGenerator-frameworks.sh\"\n";
			showEnvVarsInLog = 0;
		};
		6C64E8B91B8318D14A3B579C /* [CP] Check Pods Manifest.lock */ = {
			isa = PBXShellScriptBuildPhase;
			buildActionMask = 2147483647;
			files = (
			);
			inputFileListPaths = (
			);
			inputPaths = (
				"${PODS_PODFILE_DIR_PATH}/Podfile.lock",
				"${PODS_ROOT}/Manifest.lock",
			);
			name = "[CP] Check Pods Manifest.lock";
			outputFileListPaths = (
			);
			outputPaths = (
				"$(DERIVED_FILE_DIR)/Pods-AIImageGenerator-checkManifestLockResult.txt",
			);
			runOnlyForDeploymentPostprocessing = 0;
			shellPath = /bin/sh;
			shellScript = "diff \"${PODS_PODFILE_DIR_PATH}/Podfile.lock\" \"${PODS_ROOT}/Manifest.lock\" > /dev/null\nif [ $? != 0 ] ; then\n    # print error to STDERR\n    echo \"error: The sandbox is not in sync with the Podfile.lock. Run 'pod install' or update your CocoaPods installation.\" >&2\n    exit 1\nfi\n# This output is used by Xcode 'outputs' to avoid re-running this script phase.\necho \"SUCCESS\" > \"${SCRIPT_OUTPUT_FILE_0}\"\n";
			showEnvVarsInLog = 0;
		};
/* End PBXShellScriptBuildPhase section */

/* Begin PBXSourcesBuildPhase section */
		6433EBF52B7B61110008224F /* Sources */ = {
			isa = PBXSourcesBuildPhase;
			buildActionMask = 2147483647;
			files = (
				6433EC192B7B61D60008224F /* Fonts.swift in Sources */,
				64B2A08B2B7CF34900054AF5 /* ModelImages.swift in Sources */,
				6433EC1D2B7B622F0008224F /* Colors.swift in Sources */,
				64B2A0902B7D0CC100054AF5 /* AnimationViewController.swift in Sources */,
				64B2A0892B7CEE4600054AF5 /* NetworkAPI.swift in Sources */,
				6433EC012B7B61110008224F /* CreateImageController.swift in Sources */,
				64B2A0942B7D16E700054AF5 /* ImageResultViewController.swift in Sources */,
				6433EC1B2B7B62010008224F /* UIView+AddSubview.swift in Sources */,
				6433EBFD2B7B61110008224F /* AppDelegate.swift in Sources */,
				64B2A0962B7D1FCE00054AF5 /* UIButton.swift in Sources */,
				6433EC2F2B7C88120008224F /* UIView+Gradient.swift in Sources */,
				6433EC1F2B7B623F0008224F /* Constants.swift in Sources */,
				64B2A08D2B7D05B700054AF5 /* UIViewController+Keyboard.swift in Sources */,
				6433EBFF2B7B61110008224F /* SceneDelegate.swift in Sources */,
			);
			runOnlyForDeploymentPostprocessing = 0;
		};
/* End PBXSourcesBuildPhase section */

/* Begin PBXVariantGroup section */
		6433EC072B7B61130008224F /* LaunchScreen.storyboard */ = {
			isa = PBXVariantGroup;
			children = (
				6433EC082B7B61130008224F /* Base */,
			);
			name = LaunchScreen.storyboard;
			sourceTree = "<group>";
		};
/* End PBXVariantGroup section */

/* Begin XCBuildConfiguration section */
		6433EC0B2B7B61130008224F /* Debug */ = {
			isa = XCBuildConfiguration;
			buildSettings = {
				ALWAYS_SEARCH_USER_PATHS = NO;
				ASSETCATALOG_COMPILER_GENERATE_SWIFT_ASSET_SYMBOL_EXTENSIONS = YES;
				CLANG_ANALYZER_NONNULL = YES;
				CLANG_ANALYZER_NUMBER_OBJECT_CONVERSION = YES_AGGRESSIVE;
				CLANG_CXX_LANGUAGE_STANDARD = "gnu++20";
				CLANG_ENABLE_MODULES = YES;
				CLANG_ENABLE_OBJC_ARC = YES;
				CLANG_ENABLE_OBJC_WEAK = YES;
				CLANG_WARN_BLOCK_CAPTURE_AUTORELEASING = YES;
				CLANG_WARN_BOOL_CONVERSION = YES;
				CLANG_WARN_COMMA = YES;
				CLANG_WARN_CONSTANT_CONVERSION = YES;
				CLANG_WARN_DEPRECATED_OBJC_IMPLEMENTATIONS = YES;
				CLANG_WARN_DIRECT_OBJC_ISA_USAGE = YES_ERROR;
				CLANG_WARN_DOCUMENTATION_COMMENTS = YES;
				CLANG_WARN_EMPTY_BODY = YES;
				CLANG_WARN_ENUM_CONVERSION = YES;
				CLANG_WARN_INFINITE_RECURSION = YES;
				CLANG_WARN_INT_CONVERSION = YES;
				CLANG_WARN_NON_LITERAL_NULL_CONVERSION = YES;
				CLANG_WARN_OBJC_IMPLICIT_RETAIN_SELF = YES;
				CLANG_WARN_OBJC_LITERAL_CONVERSION = YES;
				CLANG_WARN_OBJC_ROOT_CLASS = YES_ERROR;
				CLANG_WARN_QUOTED_INCLUDE_IN_FRAMEWORK_HEADER = YES;
				CLANG_WARN_RANGE_LOOP_ANALYSIS = YES;
				CLANG_WARN_STRICT_PROTOTYPES = YES;
				CLANG_WARN_SUSPICIOUS_MOVE = YES;
				CLANG_WARN_UNGUARDED_AVAILABILITY = YES_AGGRESSIVE;
				CLANG_WARN_UNREACHABLE_CODE = YES;
				CLANG_WARN__DUPLICATE_METHOD_MATCH = YES;
				COPY_PHASE_STRIP = NO;
				DEBUG_INFORMATION_FORMAT = dwarf;
				ENABLE_STRICT_OBJC_MSGSEND = YES;
				ENABLE_TESTABILITY = YES;
				ENABLE_USER_SCRIPT_SANDBOXING = NO;
				GCC_C_LANGUAGE_STANDARD = gnu17;
				GCC_DYNAMIC_NO_PIC = NO;
				GCC_NO_COMMON_BLOCKS = YES;
				GCC_OPTIMIZATION_LEVEL = 0;
				GCC_PREPROCESSOR_DEFINITIONS = (
					"DEBUG=1",
					"$(inherited)",
				);
				GCC_WARN_64_TO_32_BIT_CONVERSION = YES;
				GCC_WARN_ABOUT_RETURN_TYPE = YES_ERROR;
				GCC_WARN_UNDECLARED_SELECTOR = YES;
				GCC_WARN_UNINITIALIZED_AUTOS = YES_AGGRESSIVE;
				GCC_WARN_UNUSED_FUNCTION = YES;
				GCC_WARN_UNUSED_VARIABLE = YES;
				IPHONEOS_DEPLOYMENT_TARGET = 17.2;
				LOCALIZATION_PREFERS_STRING_CATALOGS = YES;
				MTL_ENABLE_DEBUG_INFO = INCLUDE_SOURCE;
				MTL_FAST_MATH = YES;
				ONLY_ACTIVE_ARCH = YES;
				SDKROOT = iphoneos;
				SWIFT_ACTIVE_COMPILATION_CONDITIONS = "DEBUG $(inherited)";
				SWIFT_OPTIMIZATION_LEVEL = "-Onone";
			};
			name = Debug;
		};
		6433EC0C2B7B61130008224F /* Release */ = {
			isa = XCBuildConfiguration;
			buildSettings = {
				ALWAYS_SEARCH_USER_PATHS = NO;
				ASSETCATALOG_COMPILER_GENERATE_SWIFT_ASSET_SYMBOL_EXTENSIONS = YES;
				CLANG_ANALYZER_NONNULL = YES;
				CLANG_ANALYZER_NUMBER_OBJECT_CONVERSION = YES_AGGRESSIVE;
				CLANG_CXX_LANGUAGE_STANDARD = "gnu++20";
				CLANG_ENABLE_MODULES = YES;
				CLANG_ENABLE_OBJC_ARC = YES;
				CLANG_ENABLE_OBJC_WEAK = YES;
				CLANG_WARN_BLOCK_CAPTURE_AUTORELEASING = YES;
				CLANG_WARN_BOOL_CONVERSION = YES;
				CLANG_WARN_COMMA = YES;
				CLANG_WARN_CONSTANT_CONVERSION = YES;
				CLANG_WARN_DEPRECATED_OBJC_IMPLEMENTATIONS = YES;
				CLANG_WARN_DIRECT_OBJC_ISA_USAGE = YES_ERROR;
				CLANG_WARN_DOCUMENTATION_COMMENTS = YES;
				CLANG_WARN_EMPTY_BODY = YES;
				CLANG_WARN_ENUM_CONVERSION = YES;
				CLANG_WARN_INFINITE_RECURSION = YES;
				CLANG_WARN_INT_CONVERSION = YES;
				CLANG_WARN_NON_LITERAL_NULL_CONVERSION = YES;
				CLANG_WARN_OBJC_IMPLICIT_RETAIN_SELF = YES;
				CLANG_WARN_OBJC_LITERAL_CONVERSION = YES;
				CLANG_WARN_OBJC_ROOT_CLASS = YES_ERROR;
				CLANG_WARN_QUOTED_INCLUDE_IN_FRAMEWORK_HEADER = YES;
				CLANG_WARN_RANGE_LOOP_ANALYSIS = YES;
				CLANG_WARN_STRICT_PROTOTYPES = YES;
				CLANG_WARN_SUSPICIOUS_MOVE = YES;
				CLANG_WARN_UNGUARDED_AVAILABILITY = YES_AGGRESSIVE;
				CLANG_WARN_UNREACHABLE_CODE = YES;
				CLANG_WARN__DUPLICATE_METHOD_MATCH = YES;
				COPY_PHASE_STRIP = NO;
				DEBUG_INFORMATION_FORMAT = "dwarf-with-dsym";
				ENABLE_NS_ASSERTIONS = NO;
				ENABLE_STRICT_OBJC_MSGSEND = YES;
				ENABLE_USER_SCRIPT_SANDBOXING = NO;
				GCC_C_LANGUAGE_STANDARD = gnu17;
				GCC_NO_COMMON_BLOCKS = YES;
				GCC_WARN_64_TO_32_BIT_CONVERSION = YES;
				GCC_WARN_ABOUT_RETURN_TYPE = YES_ERROR;
				GCC_WARN_UNDECLARED_SELECTOR = YES;
				GCC_WARN_UNINITIALIZED_AUTOS = YES_AGGRESSIVE;
				GCC_WARN_UNUSED_FUNCTION = YES;
				GCC_WARN_UNUSED_VARIABLE = YES;
				IPHONEOS_DEPLOYMENT_TARGET = 17.2;
				LOCALIZATION_PREFERS_STRING_CATALOGS = YES;
				MTL_ENABLE_DEBUG_INFO = NO;
				MTL_FAST_MATH = YES;
				SDKROOT = iphoneos;
				SWIFT_COMPILATION_MODE = wholemodule;
				VALIDATE_PRODUCT = YES;
			};
			name = Release;
		};
		6433EC0E2B7B61130008224F /* Debug */ = {
			isa = XCBuildConfiguration;
			baseConfigurationReference = 65BA9F5121B1E0B64F445F8E /* Pods-AIImageGenerator.debug.xcconfig */;
			buildSettings = {
				ASSETCATALOG_COMPILER_APPICON_NAME = AppIcon;
				ASSETCATALOG_COMPILER_GLOBAL_ACCENT_COLOR_NAME = AccentColor;
				CODE_SIGN_STYLE = Automatic;
				CURRENT_PROJECT_VERSION = 1;
				DEVELOPMENT_TEAM = NBRRYUMPT9;
				GENERATE_INFOPLIST_FILE = YES;
				INFOPLIST_FILE = AIImageGenerator/Info.plist;
				INFOPLIST_KEY_UIApplicationSupportsIndirectInputEvents = YES;
				INFOPLIST_KEY_UILaunchStoryboardName = LaunchScreen;
				INFOPLIST_KEY_UISupportedInterfaceOrientations_iPad = "UIInterfaceOrientationPortrait UIInterfaceOrientationPortraitUpsideDown UIInterfaceOrientationLandscapeLeft UIInterfaceOrientationLandscapeRight";
				INFOPLIST_KEY_UISupportedInterfaceOrientations_iPhone = "UIInterfaceOrientationPortrait UIInterfaceOrientationLandscapeLeft UIInterfaceOrientationLandscapeRight";
				IPHONEOS_DEPLOYMENT_TARGET = 15.0;
				LD_RUNPATH_SEARCH_PATHS = (
					"$(inherited)",
					"@executable_path/Frameworks",
				);
				MARKETING_VERSION = 1.0;
				PRODUCT_BUNDLE_IDENTIFIER = valeriya.slesarenko.AIImageGenerator;
				PRODUCT_NAME = "$(TARGET_NAME)";
				SUPPORTED_PLATFORMS = "iphoneos iphonesimulator";
				SUPPORTS_MACCATALYST = NO;
				SUPPORTS_MAC_DESIGNED_FOR_IPHONE_IPAD = NO;
				SUPPORTS_XR_DESIGNED_FOR_IPHONE_IPAD = NO;
				SWIFT_EMIT_LOC_STRINGS = YES;
				SWIFT_VERSION = 5.0;
				TARGETED_DEVICE_FAMILY = 1;
			};
			name = Debug;
		};
		6433EC0F2B7B61130008224F /* Release */ = {
			isa = XCBuildConfiguration;
			baseConfigurationReference = D7565A00C974B33BEA749E69 /* Pods-AIImageGenerator.release.xcconfig */;
			buildSettings = {
				ASSETCATALOG_COMPILER_APPICON_NAME = AppIcon;
				ASSETCATALOG_COMPILER_GLOBAL_ACCENT_COLOR_NAME = AccentColor;
				CODE_SIGN_STYLE = Automatic;
				CURRENT_PROJECT_VERSION = 1;
				DEVELOPMENT_TEAM = NBRRYUMPT9;
				GENERATE_INFOPLIST_FILE = YES;
				INFOPLIST_FILE = AIImageGenerator/Info.plist;
				INFOPLIST_KEY_UIApplicationSupportsIndirectInputEvents = YES;
				INFOPLIST_KEY_UILaunchStoryboardName = LaunchScreen;
				INFOPLIST_KEY_UISupportedInterfaceOrientations_iPad = "UIInterfaceOrientationPortrait UIInterfaceOrientationPortraitUpsideDown UIInterfaceOrientationLandscapeLeft UIInterfaceOrientationLandscapeRight";
				INFOPLIST_KEY_UISupportedInterfaceOrientations_iPhone = "UIInterfaceOrientationPortrait UIInterfaceOrientationLandscapeLeft UIInterfaceOrientationLandscapeRight";
				IPHONEOS_DEPLOYMENT_TARGET = 15.0;
				LD_RUNPATH_SEARCH_PATHS = (
					"$(inherited)",
					"@executable_path/Frameworks",
				);
				MARKETING_VERSION = 1.0;
				PRODUCT_BUNDLE_IDENTIFIER = valeriya.slesarenko.AIImageGenerator;
				PRODUCT_NAME = "$(TARGET_NAME)";
				SUPPORTED_PLATFORMS = "iphoneos iphonesimulator";
				SUPPORTS_MACCATALYST = NO;
				SUPPORTS_MAC_DESIGNED_FOR_IPHONE_IPAD = NO;
				SUPPORTS_XR_DESIGNED_FOR_IPHONE_IPAD = NO;
				SWIFT_EMIT_LOC_STRINGS = YES;
				SWIFT_VERSION = 5.0;
				TARGETED_DEVICE_FAMILY = 1;
			};
			name = Release;
		};
/* End XCBuildConfiguration section */

/* Begin XCConfigurationList section */
		6433EBF42B7B61110008224F /* Build configuration list for PBXProject "AIImageGenerator" */ = {
			isa = XCConfigurationList;
			buildConfigurations = (
				6433EC0B2B7B61130008224F /* Debug */,
				6433EC0C2B7B61130008224F /* Release */,
			);
			defaultConfigurationIsVisible = 0;
			defaultConfigurationName = Release;
		};
		6433EC0D2B7B61130008224F /* Build configuration list for PBXNativeTarget "AIImageGenerator" */ = {
			isa = XCConfigurationList;
			buildConfigurations = (
				6433EC0E2B7B61130008224F /* Debug */,
				6433EC0F2B7B61130008224F /* Release */,
			);
			defaultConfigurationIsVisible = 0;
			defaultConfigurationName = Release;
		};
/* End XCConfigurationList section */
	};
	rootObject = 6433EBF12B7B61110008224F /* Project object */;
}
